// !$*UTF8*$!
{
	archiveVersion = 1;
	classes = {
	};
	objectVersion = 46;
	objects = {

/* Begin PBXBuildFile section */
		2A3E3AA5647AB9411FD2478F /* libPods-SnakeGameTests.a in Frameworks */ = {isa = PBXBuildFile; fileRef = C4FE448492483FFCA2A12D49 /* libPods-SnakeGameTests.a */; };
		381EF7BA2BEEF5BD7273F125 /* libPods-SnakeGame.a in Frameworks */ = {isa = PBXBuildFile; fileRef = 7E191DF34B29F5D3CBFC88A3 /* libPods-SnakeGame.a */; };
		3FF384A51E53567700DA9EE9 /* main.m in Sources */ = {isa = PBXBuildFile; fileRef = 3FF384A41E53567700DA9EE9 /* main.m */; };
		3FF384A81E53567700DA9EE9 /* AppDelegate.m in Sources */ = {isa = PBXBuildFile; fileRef = 3FF384A71E53567700DA9EE9 /* AppDelegate.m */; };
		3FF384AB1E53567700DA9EE9 /* ViewController.m in Sources */ = {isa = PBXBuildFile; fileRef = 3FF384AA1E53567700DA9EE9 /* ViewController.m */; };
		3FF384AE1E53567700DA9EE9 /* Main.storyboard in Resources */ = {isa = PBXBuildFile; fileRef = 3FF384AC1E53567700DA9EE9 /* Main.storyboard */; };
		3FF384B01E53567700DA9EE9 /* Assets.xcassets in Resources */ = {isa = PBXBuildFile; fileRef = 3FF384AF1E53567700DA9EE9 /* Assets.xcassets */; };
		3FF384B31E53567700DA9EE9 /* LaunchScreen.storyboard in Resources */ = {isa = PBXBuildFile; fileRef = 3FF384B11E53567700DA9EE9 /* LaunchScreen.storyboard */; };
		3FF384BE1E53567700DA9EE9 /* SnakeGameTests.m in Sources */ = {isa = PBXBuildFile; fileRef = 3FF384BD1E53567700DA9EE9 /* SnakeGameTests.m */; };
		3FF384C91E53567700DA9EE9 /* SnakeGameUITests.m in Sources */ = {isa = PBXBuildFile; fileRef = 3FF384C81E53567700DA9EE9 /* SnakeGameUITests.m */; };
		3FF384D81E5356A900DA9EE9 /* QSnake.m in Sources */ = {isa = PBXBuildFile; fileRef = 3FF384D71E5356A900DA9EE9 /* QSnake.m */; };
		3FF384DB1E53FBB700DA9EE9 /* QWorldSpace.m in Sources */ = {isa = PBXBuildFile; fileRef = 3FF384DA1E53FBB700DA9EE9 /* QWorldSpace.m */; };
		3FF384E11E545D6400DA9EE9 /* GameView.m in Sources */ = {isa = PBXBuildFile; fileRef = 3FF384E01E545D6400DA9EE9 /* GameView.m */; };
		4F93609A21216E9800879FC4 /* Localizable.strings in Resources */ = {isa = PBXBuildFile; fileRef = 4F93609C21216E9800879FC4 /* Localizable.strings */; };
/* End PBXBuildFile section */

/* Begin PBXContainerItemProxy section */
		3FF384BA1E53567700DA9EE9 /* PBXContainerItemProxy */ = {
			isa = PBXContainerItemProxy;
			containerPortal = 3FF384981E53567700DA9EE9 /* Project object */;
			proxyType = 1;
			remoteGlobalIDString = 3FF3849F1E53567700DA9EE9;
			remoteInfo = SnakeGame;
		};
		3FF384C51E53567700DA9EE9 /* PBXContainerItemProxy */ = {
			isa = PBXContainerItemProxy;
			containerPortal = 3FF384981E53567700DA9EE9 /* Project object */;
			proxyType = 1;
			remoteGlobalIDString = 3FF3849F1E53567700DA9EE9;
			remoteInfo = SnakeGame;
		};
/* End PBXContainerItemProxy section */

/* Begin PBXFileReference section */
		14C309F513D59930281FB2FC /* Pods-SnakeGame.release.xcconfig */ = {isa = PBXFileReference; includeInIndex = 1; lastKnownFileType = text.xcconfig; name = "Pods-SnakeGame.release.xcconfig"; path = "Pods/Target Support Files/Pods-SnakeGame/Pods-SnakeGame.release.xcconfig"; sourceTree = "<group>"; };
		3FF384A01E53567700DA9EE9 /* SnakeGame.app */ = {isa = PBXFileReference; explicitFileType = wrapper.application; includeInIndex = 0; path = SnakeGame.app; sourceTree = BUILT_PRODUCTS_DIR; };
		3FF384A41E53567700DA9EE9 /* main.m */ = {isa = PBXFileReference; lastKnownFileType = sourcecode.c.objc; path = main.m; sourceTree = "<group>"; };
		3FF384A61E53567700DA9EE9 /* AppDelegate.h */ = {isa = PBXFileReference; lastKnownFileType = sourcecode.c.h; path = AppDelegate.h; sourceTree = "<group>"; };
		3FF384A71E53567700DA9EE9 /* AppDelegate.m */ = {isa = PBXFileReference; lastKnownFileType = sourcecode.c.objc; path = AppDelegate.m; sourceTree = "<group>"; };
		3FF384A91E53567700DA9EE9 /* ViewController.h */ = {isa = PBXFileReference; lastKnownFileType = sourcecode.c.h; path = ViewController.h; sourceTree = "<group>"; };
		3FF384AA1E53567700DA9EE9 /* ViewController.m */ = {isa = PBXFileReference; lastKnownFileType = sourcecode.c.objc; path = ViewController.m; sourceTree = "<group>"; };
		3FF384AD1E53567700DA9EE9 /* Base */ = {isa = PBXFileReference; lastKnownFileType = file.storyboard; name = Base; path = Base.lproj/Main.storyboard; sourceTree = "<group>"; };
		3FF384AF1E53567700DA9EE9 /* Assets.xcassets */ = {isa = PBXFileReference; lastKnownFileType = folder.assetcatalog; path = Assets.xcassets; sourceTree = "<group>"; };
		3FF384B21E53567700DA9EE9 /* Base */ = {isa = PBXFileReference; lastKnownFileType = file.storyboard; name = Base; path = Base.lproj/LaunchScreen.storyboard; sourceTree = "<group>"; };
		3FF384B41E53567700DA9EE9 /* Info.plist */ = {isa = PBXFileReference; lastKnownFileType = text.plist.xml; path = Info.plist; sourceTree = "<group>"; };
		3FF384B91E53567700DA9EE9 /* SnakeGameTests.xctest */ = {isa = PBXFileReference; explicitFileType = wrapper.cfbundle; includeInIndex = 0; path = SnakeGameTests.xctest; sourceTree = BUILT_PRODUCTS_DIR; };
		3FF384BD1E53567700DA9EE9 /* SnakeGameTests.m */ = {isa = PBXFileReference; lastKnownFileType = sourcecode.c.objc; path = SnakeGameTests.m; sourceTree = "<group>"; };
		3FF384BF1E53567700DA9EE9 /* Info.plist */ = {isa = PBXFileReference; lastKnownFileType = text.plist.xml; path = Info.plist; sourceTree = "<group>"; };
		3FF384C41E53567700DA9EE9 /* SnakeGameUITests.xctest */ = {isa = PBXFileReference; explicitFileType = wrapper.cfbundle; includeInIndex = 0; path = SnakeGameUITests.xctest; sourceTree = BUILT_PRODUCTS_DIR; };
		3FF384C81E53567700DA9EE9 /* SnakeGameUITests.m */ = {isa = PBXFileReference; lastKnownFileType = sourcecode.c.objc; path = SnakeGameUITests.m; sourceTree = "<group>"; };
		3FF384CA1E53567700DA9EE9 /* Info.plist */ = {isa = PBXFileReference; lastKnownFileType = text.plist.xml; path = Info.plist; sourceTree = "<group>"; };
		3FF384D61E5356A900DA9EE9 /* QSnake.h */ = {isa = PBXFileReference; fileEncoding = 4; lastKnownFileType = sourcecode.c.h; path = QSnake.h; sourceTree = "<group>"; };
		3FF384D71E5356A900DA9EE9 /* QSnake.m */ = {isa = PBXFileReference; fileEncoding = 4; lastKnownFileType = sourcecode.c.objc; path = QSnake.m; sourceTree = "<group>"; };
		3FF384D91E53FBB700DA9EE9 /* QWorldSpace.h */ = {isa = PBXFileReference; fileEncoding = 4; lastKnownFileType = sourcecode.c.h; path = QWorldSpace.h; sourceTree = "<group>"; };
		3FF384DA1E53FBB700DA9EE9 /* QWorldSpace.m */ = {isa = PBXFileReference; fileEncoding = 4; lastKnownFileType = sourcecode.c.objc; path = QWorldSpace.m; sourceTree = "<group>"; };
		3FF384DF1E545D6400DA9EE9 /* GameView.h */ = {isa = PBXFileReference; fileEncoding = 4; lastKnownFileType = sourcecode.c.h; path = GameView.h; sourceTree = "<group>"; };
		3FF384E01E545D6400DA9EE9 /* GameView.m */ = {isa = PBXFileReference; fileEncoding = 4; lastKnownFileType = sourcecode.c.objc; path = GameView.m; sourceTree = "<group>"; };
		3FF384E21E5463FA00DA9EE9 /* SnakeGameDefine.h */ = {isa = PBXFileReference; lastKnownFileType = sourcecode.c.h; path = SnakeGameDefine.h; sourceTree = "<group>"; };
		4F93609D21216EB400879FC4 /* zh-Hant */ = {isa = PBXFileReference; lastKnownFileType = text.plist.strings; name = "zh-Hant"; path = "zh-Hant.lproj/Localizable.strings"; sourceTree = "<group>"; };
		4F93609E21216ECB00879FC4 /* Base */ = {isa = PBXFileReference; lastKnownFileType = text.plist.strings; name = Base; path = Base.lproj/Localizable.strings; sourceTree = "<group>"; };
		54071BBE53193A24F3359921 /* Pods-SnakeGameTests.debug.xcconfig */ = {isa = PBXFileReference; includeInIndex = 1; lastKnownFileType = text.xcconfig; name = "Pods-SnakeGameTests.debug.xcconfig"; path = "Pods/Target Support Files/Pods-SnakeGameTests/Pods-SnakeGameTests.debug.xcconfig"; sourceTree = "<group>"; };
		7E191DF34B29F5D3CBFC88A3 /* libPods-SnakeGame.a */ = {isa = PBXFileReference; explicitFileType = archive.ar; includeInIndex = 0; path = "libPods-SnakeGame.a"; sourceTree = BUILT_PRODUCTS_DIR; };
		963B7D4CB314FF41EBFE06B2 /* Pods-SnakeGame.debug.xcconfig */ = {isa = PBXFileReference; includeInIndex = 1; lastKnownFileType = text.xcconfig; name = "Pods-SnakeGame.debug.xcconfig"; path = "Pods/Target Support Files/Pods-SnakeGame/Pods-SnakeGame.debug.xcconfig"; sourceTree = "<group>"; };
		C4FE448492483FFCA2A12D49 /* libPods-SnakeGameTests.a */ = {isa = PBXFileReference; explicitFileType = archive.ar; includeInIndex = 0; path = "libPods-SnakeGameTests.a"; sourceTree = BUILT_PRODUCTS_DIR; };
		E90ABF6B9E712A9674B1E00B /* Pods-SnakeGameTests.release.xcconfig */ = {isa = PBXFileReference; includeInIndex = 1; lastKnownFileType = text.xcconfig; name = "Pods-SnakeGameTests.release.xcconfig"; path = "Pods/Target Support Files/Pods-SnakeGameTests/Pods-SnakeGameTests.release.xcconfig"; sourceTree = "<group>"; };
/* End PBXFileReference section */

/* Begin PBXFrameworksBuildPhase section */
		3FF3849D1E53567700DA9EE9 /* Frameworks */ = {
			isa = PBXFrameworksBuildPhase;
			buildActionMask = 2147483647;
			files = (
				381EF7BA2BEEF5BD7273F125 /* libPods-SnakeGame.a in Frameworks */,
			);
			runOnlyForDeploymentPostprocessing = 0;
		};
		3FF384B61E53567700DA9EE9 /* Frameworks */ = {
			isa = PBXFrameworksBuildPhase;
			buildActionMask = 2147483647;
			files = (
				2A3E3AA5647AB9411FD2478F /* libPods-SnakeGameTests.a in Frameworks */,
			);
			runOnlyForDeploymentPostprocessing = 0;
		};
		3FF384C11E53567700DA9EE9 /* Frameworks */ = {
			isa = PBXFrameworksBuildPhase;
			buildActionMask = 2147483647;
			files = (
			);
			runOnlyForDeploymentPostprocessing = 0;
		};
/* End PBXFrameworksBuildPhase section */

/* Begin PBXGroup section */
		3FF384971E53567600DA9EE9 = {
			isa = PBXGroup;
			children = (
				3FF384A21E53567700DA9EE9 /* SnakeGame */,
				3FF384BC1E53567700DA9EE9 /* SnakeGameTests */,
				3FF384C71E53567700DA9EE9 /* SnakeGameUITests */,
				3FF384A11E53567700DA9EE9 /* Products */,
				90F4ECC63CCA8791F5678AE8 /* Pods */,
				85F1EA95878A6DBD5B6ACC75 /* Frameworks */,
			);
			sourceTree = "<group>";
		};
		3FF384A11E53567700DA9EE9 /* Products */ = {
			isa = PBXGroup;
			children = (
				3FF384A01E53567700DA9EE9 /* SnakeGame.app */,
				3FF384B91E53567700DA9EE9 /* SnakeGameTests.xctest */,
				3FF384C41E53567700DA9EE9 /* SnakeGameUITests.xctest */,
			);
			name = Products;
			sourceTree = "<group>";
		};
		3FF384A21E53567700DA9EE9 /* SnakeGame */ = {
			isa = PBXGroup;
			children = (
				3FF384A61E53567700DA9EE9 /* AppDelegate.h */,
				3FF384A71E53567700DA9EE9 /* AppDelegate.m */,
				3FF384A91E53567700DA9EE9 /* ViewController.h */,
				3FF384AA1E53567700DA9EE9 /* ViewController.m */,
				3FF384AC1E53567700DA9EE9 /* Main.storyboard */,
				3FF384AF1E53567700DA9EE9 /* Assets.xcassets */,
				3FF384B11E53567700DA9EE9 /* LaunchScreen.storyboard */,
				3FF384B41E53567700DA9EE9 /* Info.plist */,
				3FF384A31E53567700DA9EE9 /* Supporting Files */,
				3FF384D61E5356A900DA9EE9 /* QSnake.h */,
				3FF384D71E5356A900DA9EE9 /* QSnake.m */,
				3FF384D91E53FBB700DA9EE9 /* QWorldSpace.h */,
				3FF384DA1E53FBB700DA9EE9 /* QWorldSpace.m */,
				3FF384DF1E545D6400DA9EE9 /* GameView.h */,
				3FF384E01E545D6400DA9EE9 /* GameView.m */,
				3FF384E21E5463FA00DA9EE9 /* SnakeGameDefine.h */,
			);
			path = SnakeGame;
			sourceTree = "<group>";
		};
		3FF384A31E53567700DA9EE9 /* Supporting Files */ = {
			isa = PBXGroup;
			children = (
				3FF384A41E53567700DA9EE9 /* main.m */,
				4F93609C21216E9800879FC4 /* Localizable.strings */,
			);
			name = "Supporting Files";
			sourceTree = "<group>";
		};
		3FF384BC1E53567700DA9EE9 /* SnakeGameTests */ = {
			isa = PBXGroup;
			children = (
				3FF384BD1E53567700DA9EE9 /* SnakeGameTests.m */,
				3FF384BF1E53567700DA9EE9 /* Info.plist */,
			);
			path = SnakeGameTests;
			sourceTree = "<group>";
		};
		3FF384C71E53567700DA9EE9 /* SnakeGameUITests */ = {
			isa = PBXGroup;
			children = (
				3FF384C81E53567700DA9EE9 /* SnakeGameUITests.m */,
				3FF384CA1E53567700DA9EE9 /* Info.plist */,
			);
			path = SnakeGameUITests;
			sourceTree = "<group>";
		};
		85F1EA95878A6DBD5B6ACC75 /* Frameworks */ = {
			isa = PBXGroup;
			children = (
				7E191DF34B29F5D3CBFC88A3 /* libPods-SnakeGame.a */,
				C4FE448492483FFCA2A12D49 /* libPods-SnakeGameTests.a */,
			);
			name = Frameworks;
			sourceTree = "<group>";
		};
		90F4ECC63CCA8791F5678AE8 /* Pods */ = {
			isa = PBXGroup;
			children = (
				963B7D4CB314FF41EBFE06B2 /* Pods-SnakeGame.debug.xcconfig */,
				14C309F513D59930281FB2FC /* Pods-SnakeGame.release.xcconfig */,
				54071BBE53193A24F3359921 /* Pods-SnakeGameTests.debug.xcconfig */,
				E90ABF6B9E712A9674B1E00B /* Pods-SnakeGameTests.release.xcconfig */,
			);
			name = Pods;
			sourceTree = "<group>";
		};
/* End PBXGroup section */

/* Begin PBXNativeTarget section */
		3FF3849F1E53567700DA9EE9 /* SnakeGame */ = {
			isa = PBXNativeTarget;
			buildConfigurationList = 3FF384CD1E53567700DA9EE9 /* Build configuration list for PBXNativeTarget "SnakeGame" */;
			buildPhases = (
				8FA6F72C2720C61BDF4A4489 /* [CP] Check Pods Manifest.lock */,
				3FF3849C1E53567700DA9EE9 /* Sources */,
				3FF3849D1E53567700DA9EE9 /* Frameworks */,
				3FF3849E1E53567700DA9EE9 /* Resources */,
				76692185F30B5BB41E7AF9AC /* [CP] Embed Pods Frameworks */,
				6C22450A34B9C999F98656C9 /* [CP] Copy Pods Resources */,
			);
			buildRules = (
			);
			dependencies = (
			);
			name = SnakeGame;
			productName = SnakeGame;
			productReference = 3FF384A01E53567700DA9EE9 /* SnakeGame.app */;
			productType = "com.apple.product-type.application";
		};
		3FF384B81E53567700DA9EE9 /* SnakeGameTests */ = {
			isa = PBXNativeTarget;
			buildConfigurationList = 3FF384D01E53567700DA9EE9 /* Build configuration list for PBXNativeTarget "SnakeGameTests" */;
			buildPhases = (
				4E0D5D5F7C38EDF1A23EE991 /* [CP] Check Pods Manifest.lock */,
				3FF384B51E53567700DA9EE9 /* Sources */,
				3FF384B61E53567700DA9EE9 /* Frameworks */,
				3FF384B71E53567700DA9EE9 /* Resources */,
				88BEF2316C5F87B99E2C9F67 /* [CP] Embed Pods Frameworks */,
				DA579D88104244E014CFA821 /* [CP] Copy Pods Resources */,
			);
			buildRules = (
			);
			dependencies = (
				3FF384BB1E53567700DA9EE9 /* PBXTargetDependency */,
			);
			name = SnakeGameTests;
			productName = SnakeGameTests;
			productReference = 3FF384B91E53567700DA9EE9 /* SnakeGameTests.xctest */;
			productType = "com.apple.product-type.bundle.unit-test";
		};
		3FF384C31E53567700DA9EE9 /* SnakeGameUITests */ = {
			isa = PBXNativeTarget;
			buildConfigurationList = 3FF384D31E53567700DA9EE9 /* Build configuration list for PBXNativeTarget "SnakeGameUITests" */;
			buildPhases = (
				3FF384C01E53567700DA9EE9 /* Sources */,
				3FF384C11E53567700DA9EE9 /* Frameworks */,
				3FF384C21E53567700DA9EE9 /* Resources */,
			);
			buildRules = (
			);
			dependencies = (
				3FF384C61E53567700DA9EE9 /* PBXTargetDependency */,
			);
			name = SnakeGameUITests;
			productName = SnakeGameUITests;
			productReference = 3FF384C41E53567700DA9EE9 /* SnakeGameUITests.xctest */;
			productType = "com.apple.product-type.bundle.ui-testing";
		};
/* End PBXNativeTarget section */

/* Begin PBXProject section */
		3FF384981E53567700DA9EE9 /* Project object */ = {
			isa = PBXProject;
			attributes = {
				LastUpgradeCheck = 0940;
				ORGANIZATIONNAME = qnap;
				TargetAttributes = {
					3FF3849F1E53567700DA9EE9 = {
						CreatedOnToolsVersion = 8.2.1;
						DevelopmentTeam = B9JJV5E86Z;
						ProvisioningStyle = Automatic;
					};
					3FF384B81E53567700DA9EE9 = {
						CreatedOnToolsVersion = 8.2.1;
						ProvisioningStyle = Automatic;
						TestTargetID = 3FF3849F1E53567700DA9EE9;
					};
					3FF384C31E53567700DA9EE9 = {
						CreatedOnToolsVersion = 8.2.1;
						ProvisioningStyle = Automatic;
						TestTargetID = 3FF3849F1E53567700DA9EE9;
					};
				};
			};
			buildConfigurationList = 3FF3849B1E53567700DA9EE9 /* Build configuration list for PBXProject "SnakeGame" */;
			compatibilityVersion = "Xcode 3.2";
			developmentRegion = English;
			hasScannedForEncodings = 0;
			knownRegions = (
				Base,
				"zh-Hant",
				en,
			);
			mainGroup = 3FF384971E53567600DA9EE9;
			productRefGroup = 3FF384A11E53567700DA9EE9 /* Products */;
			projectDirPath = "";
			projectRoot = "";
			targets = (
				3FF3849F1E53567700DA9EE9 /* SnakeGame */,
				3FF384B81E53567700DA9EE9 /* SnakeGameTests */,
				3FF384C31E53567700DA9EE9 /* SnakeGameUITests */,
			);
		};
/* End PBXProject section */

/* Begin PBXResourcesBuildPhase section */
		3FF3849E1E53567700DA9EE9 /* Resources */ = {
			isa = PBXResourcesBuildPhase;
			buildActionMask = 2147483647;
			files = (
				3FF384B31E53567700DA9EE9 /* LaunchScreen.storyboard in Resources */,
				4F93609A21216E9800879FC4 /* Localizable.strings in Resources */,
				3FF384B01E53567700DA9EE9 /* Assets.xcassets in Resources */,
				3FF384AE1E53567700DA9EE9 /* Main.storyboard in Resources */,
			);
			runOnlyForDeploymentPostprocessing = 0;
		};
		3FF384B71E53567700DA9EE9 /* Resources */ = {
			isa = PBXResourcesBuildPhase;
			buildActionMask = 2147483647;
			files = (
			);
			runOnlyForDeploymentPostprocessing = 0;
		};
		3FF384C21E53567700DA9EE9 /* Resources */ = {
			isa = PBXResourcesBuildPhase;
			buildActionMask = 2147483647;
			files = (
			);
			runOnlyForDeploymentPostprocessing = 0;
		};
/* End PBXResourcesBuildPhase section */

/* Begin PBXShellScriptBuildPhase section */
		4E0D5D5F7C38EDF1A23EE991 /* [CP] Check Pods Manifest.lock */ = {
			isa = PBXShellScriptBuildPhase;
			buildActionMask = 2147483647;
			files = (
			);
			inputPaths = (
			);
			name = "[CP] Check Pods Manifest.lock";
			outputPaths = (
			);
			runOnlyForDeploymentPostprocessing = 0;
			shellPath = /bin/sh;
			shellScript = "diff \"${PODS_ROOT}/../Podfile.lock\" \"${PODS_ROOT}/Manifest.lock\" > /dev/null\nif [ $? != 0 ] ; then\n    # print error to STDERR\n    echo \"error: The sandbox is not in sync with the Podfile.lock. Run 'pod install' or update your CocoaPods installation.\" >&2\n    exit 1\nfi\n";
			showEnvVarsInLog = 0;
		};
		6C22450A34B9C999F98656C9 /* [CP] Copy Pods Resources */ = {
			isa = PBXShellScriptBuildPhase;
			buildActionMask = 2147483647;
			files = (
			);
			inputPaths = (
			);
			name = "[CP] Copy Pods Resources";
			outputPaths = (
			);
			runOnlyForDeploymentPostprocessing = 0;
			shellPath = /bin/sh;
			shellScript = "\"${SRCROOT}/Pods/Target Support Files/Pods-SnakeGame/Pods-SnakeGame-resources.sh\"\n";
			showEnvVarsInLog = 0;
		};
		76692185F30B5BB41E7AF9AC /* [CP] Embed Pods Frameworks */ = {
			isa = PBXShellScriptBuildPhase;
			buildActionMask = 2147483647;
			files = (
			);
			inputPaths = (
			);
			name = "[CP] Embed Pods Frameworks";
			outputPaths = (
			);
			runOnlyForDeploymentPostprocessing = 0;
			shellPath = /bin/sh;
			shellScript = "\"${SRCROOT}/Pods/Target Support Files/Pods-SnakeGame/Pods-SnakeGame-frameworks.sh\"\n";
			showEnvVarsInLog = 0;
		};
		88BEF2316C5F87B99E2C9F67 /* [CP] Embed Pods Frameworks */ = {
			isa = PBXShellScriptBuildPhase;
			buildActionMask = 2147483647;
			files = (
			);
			inputPaths = (
			);
			name = "[CP] Embed Pods Frameworks";
			outputPaths = (
			);
			runOnlyForDeploymentPostprocessing = 0;
			shellPath = /bin/sh;
			shellScript = "\"${SRCROOT}/Pods/Target Support Files/Pods-SnakeGameTests/Pods-SnakeGameTests-frameworks.sh\"\n";
			showEnvVarsInLog = 0;
		};
		8FA6F72C2720C61BDF4A4489 /* [CP] Check Pods Manifest.lock */ = {
			isa = PBXShellScriptBuildPhase;
			buildActionMask = 2147483647;
			files = (
			);
			inputPaths = (
			);
			name = "[CP] Check Pods Manifest.lock";
			outputPaths = (
			);
			runOnlyForDeploymentPostprocessing = 0;
			shellPath = /bin/sh;
			shellScript = "diff \"${PODS_ROOT}/../Podfile.lock\" \"${PODS_ROOT}/Manifest.lock\" > /dev/null\nif [ $? != 0 ] ; then\n    # print error to STDERR\n    echo \"error: The sandbox is not in sync with the Podfile.lock. Run 'pod install' or update your CocoaPods installation.\" >&2\n    exit 1\nfi\n";
			showEnvVarsInLog = 0;
		};
		DA579D88104244E014CFA821 /* [CP] Copy Pods Resources */ = {
			isa = PBXShellScriptBuildPhase;
			buildActionMask = 2147483647;
			files = (
			);
			inputPaths = (
			);
			name = "[CP] Copy Pods Resources";
			outputPaths = (
			);
			runOnlyForDeploymentPostprocessing = 0;
			shellPath = /bin/sh;
			shellScript = "\"${SRCROOT}/Pods/Target Support Files/Pods-SnakeGameTests/Pods-SnakeGameTests-resources.sh\"\n";
			showEnvVarsInLog = 0;
		};
/* End PBXShellScriptBuildPhase section */

/* Begin PBXSourcesBuildPhase section */
		3FF3849C1E53567700DA9EE9 /* Sources */ = {
			isa = PBXSourcesBuildPhase;
			buildActionMask = 2147483647;
			files = (
				3FF384E11E545D6400DA9EE9 /* GameView.m in Sources */,
				3FF384AB1E53567700DA9EE9 /* ViewController.m in Sources */,
				3FF384A81E53567700DA9EE9 /* AppDelegate.m in Sources */,
				3FF384DB1E53FBB700DA9EE9 /* QWorldSpace.m in Sources */,
				3FF384D81E5356A900DA9EE9 /* QSnake.m in Sources */,
				3FF384A51E53567700DA9EE9 /* main.m in Sources */,
			);
			runOnlyForDeploymentPostprocessing = 0;
		};
		3FF384B51E53567700DA9EE9 /* Sources */ = {
			isa = PBXSourcesBuildPhase;
			buildActionMask = 2147483647;
			files = (
				3FF384BE1E53567700DA9EE9 /* SnakeGameTests.m in Sources */,
			);
			runOnlyForDeploymentPostprocessing = 0;
		};
		3FF384C01E53567700DA9EE9 /* Sources */ = {
			isa = PBXSourcesBuildPhase;
			buildActionMask = 2147483647;
			files = (
				3FF384C91E53567700DA9EE9 /* SnakeGameUITests.m in Sources */,
			);
			runOnlyForDeploymentPostprocessing = 0;
		};
/* End PBXSourcesBuildPhase section */

/* Begin PBXTargetDependency section */
		3FF384BB1E53567700DA9EE9 /* PBXTargetDependency */ = {
			isa = PBXTargetDependency;
			target = 3FF3849F1E53567700DA9EE9 /* SnakeGame */;
			targetProxy = 3FF384BA1E53567700DA9EE9 /* PBXContainerItemProxy */;
		};
		3FF384C61E53567700DA9EE9 /* PBXTargetDependency */ = {
			isa = PBXTargetDependency;
			target = 3FF3849F1E53567700DA9EE9 /* SnakeGame */;
			targetProxy = 3FF384C51E53567700DA9EE9 /* PBXContainerItemProxy */;
		};
/* End PBXTargetDependency section */

/* Begin PBXVariantGroup section */
		3FF384AC1E53567700DA9EE9 /* Main.storyboard */ = {
			isa = PBXVariantGroup;
			children = (
				3FF384AD1E53567700DA9EE9 /* Base */,
			);
			name = Main.storyboard;
			sourceTree = "<group>";
		};
		3FF384B11E53567700DA9EE9 /* LaunchScreen.storyboard */ = {
			isa = PBXVariantGroup;
			children = (
				3FF384B21E53567700DA9EE9 /* Base */,
			);
			name = LaunchScreen.storyboard;
			sourceTree = "<group>";
		};
		4F93609C21216E9800879FC4 /* Localizable.strings */ = {
			isa = PBXVariantGroup;
			children = (
				4F93609D21216EB400879FC4 /* zh-Hant */,
				4F93609E21216ECB00879FC4 /* Base */,
			);
			name = Localizable.strings;
			sourceTree = "<group>";
		};
/* End PBXVariantGroup section */

/* Begin XCBuildConfiguration section */
		3FF384CB1E53567700DA9EE9 /* Debug */ = {
			isa = XCBuildConfiguration;
			buildSettings = {
				ALWAYS_SEARCH_USER_PATHS = NO;
				CLANG_ANALYZER_LOCALIZABILITY_NONLOCALIZED = YES;
				CLANG_ANALYZER_NONNULL = YES;
				CLANG_CXX_LANGUAGE_STANDARD = "gnu++0x";
				CLANG_CXX_LIBRARY = "libc++";
				CLANG_ENABLE_MODULES = YES;
				CLANG_ENABLE_OBJC_ARC = YES;
				CLANG_WARN_BLOCK_CAPTURE_AUTORELEASING = YES;
				CLANG_WARN_BOOL_CONVERSION = YES;
				CLANG_WARN_COMMA = YES;
				CLANG_WARN_CONSTANT_CONVERSION = YES;
				CLANG_WARN_DEPRECATED_OBJC_IMPLEMENTATIONS = YES;
				CLANG_WARN_DIRECT_OBJC_ISA_USAGE = YES_ERROR;
				CLANG_WARN_DOCUMENTATION_COMMENTS = YES;
				CLANG_WARN_EMPTY_BODY = YES;
				CLANG_WARN_ENUM_CONVERSION = YES;
				CLANG_WARN_INFINITE_RECURSION = YES;
				CLANG_WARN_INT_CONVERSION = YES;
				CLANG_WARN_NON_LITERAL_NULL_CONVERSION = YES;
				CLANG_WARN_OBJC_IMPLICIT_RETAIN_SELF = YES;
				CLANG_WARN_OBJC_LITERAL_CONVERSION = YES;
				CLANG_WARN_OBJC_ROOT_CLASS = YES_ERROR;
				CLANG_WARN_RANGE_LOOP_ANALYSIS = YES;
				CLANG_WARN_STRICT_PROTOTYPES = YES;
				CLANG_WARN_SUSPICIOUS_MOVE = YES;
				CLANG_WARN_UNREACHABLE_CODE = YES;
				CLANG_WARN__DUPLICATE_METHOD_MATCH = YES;
				"CODE_SIGN_IDENTITY[sdk=iphoneos*]" = "iPhone Developer";
				COPY_PHASE_STRIP = NO;
				DEBUG_INFORMATION_FORMAT = dwarf;
				ENABLE_STRICT_OBJC_MSGSEND = YES;
				ENABLE_TESTABILITY = YES;
				GCC_C_LANGUAGE_STANDARD = gnu99;
				GCC_DYNAMIC_NO_PIC = NO;
				GCC_NO_COMMON_BLOCKS = YES;
				GCC_OPTIMIZATION_LEVEL = 0;
				GCC_PREPROCESSOR_DEFINITIONS = (
					"DEBUG=1",
					"$(inherited)",
				);
				GCC_WARN_64_TO_32_BIT_CONVERSION = YES;
				GCC_WARN_ABOUT_RETURN_TYPE = YES_ERROR;
				GCC_WARN_UNDECLARED_SELECTOR = YES;
				GCC_WARN_UNINITIALIZED_AUTOS = YES_AGGRESSIVE;
				GCC_WARN_UNUSED_FUNCTION = YES;
				GCC_WARN_UNUSED_VARIABLE = YES;
				IPHONEOS_DEPLOYMENT_TARGET = 10.0;
				MTL_ENABLE_DEBUG_INFO = YES;
				ONLY_ACTIVE_ARCH = YES;
				SDKROOT = iphoneos;
				TARGETED_DEVICE_FAMILY = "1,2";
			};
			name = Debug;
		};
		3FF384CC1E53567700DA9EE9 /* Release */ = {
			isa = XCBuildConfiguration;
			buildSettings = {
				ALWAYS_SEARCH_USER_PATHS = NO;
				CLANG_ANALYZER_LOCALIZABILITY_NONLOCALIZED = YES;
				CLANG_ANALYZER_NONNULL = YES;
				CLANG_CXX_LANGUAGE_STANDARD = "gnu++0x";
				CLANG_CXX_LIBRARY = "libc++";
				CLANG_ENABLE_MODULES = YES;
				CLANG_ENABLE_OBJC_ARC = YES;
				CLANG_WARN_BLOCK_CAPTURE_AUTORELEASING = YES;
				CLANG_WARN_BOOL_CONVERSION = YES;
				CLANG_WARN_COMMA = YES;
				CLANG_WARN_CONSTANT_CONVERSION = YES;
				CLANG_WARN_DEPRECATED_OBJC_IMPLEMENTATIONS = YES;
				CLANG_WARN_DIRECT_OBJC_ISA_USAGE = YES_ERROR;
				CLANG_WARN_DOCUMENTATION_COMMENTS = YES;
				CLANG_WARN_EMPTY_BODY = YES;
				CLANG_WARN_ENUM_CONVERSION = YES;
				CLANG_WARN_INFINITE_RECURSION = YES;
				CLANG_WARN_INT_CONVERSION = YES;
				CLANG_WARN_NON_LITERAL_NULL_CONVERSION = YES;
				CLANG_WARN_OBJC_IMPLICIT_RETAIN_SELF = YES;
				CLANG_WARN_OBJC_LITERAL_CONVERSION = YES;
				CLANG_WARN_OBJC_ROOT_CLASS = YES_ERROR;
				CLANG_WARN_RANGE_LOOP_ANALYSIS = YES;
				CLANG_WARN_STRICT_PROTOTYPES = YES;
				CLANG_WARN_SUSPICIOUS_MOVE = YES;
				CLANG_WARN_UNREACHABLE_CODE = YES;
				CLANG_WARN__DUPLICATE_METHOD_MATCH = YES;
				"CODE_SIGN_IDENTITY[sdk=iphoneos*]" = "iPhone Developer";
				COPY_PHASE_STRIP = NO;
				DEBUG_INFORMATION_FORMAT = "dwarf-with-dsym";
				ENABLE_NS_ASSERTIONS = NO;
				ENABLE_STRICT_OBJC_MSGSEND = YES;
				GCC_C_LANGUAGE_STANDARD = gnu99;
				GCC_NO_COMMON_BLOCKS = YES;
				GCC_WARN_64_TO_32_BIT_CONVERSION = YES;
				GCC_WARN_ABOUT_RETURN_TYPE = YES_ERROR;
				GCC_WARN_UNDECLARED_SELECTOR = YES;
				GCC_WARN_UNINITIALIZED_AUTOS = YES_AGGRESSIVE;
				GCC_WARN_UNUSED_FUNCTION = YES;
				GCC_WARN_UNUSED_VARIABLE = YES;
				IPHONEOS_DEPLOYMENT_TARGET = 10.0;
				MTL_ENABLE_DEBUG_INFO = NO;
				SDKROOT = iphoneos;
				TARGETED_DEVICE_FAMILY = "1,2";
				VALIDATE_PRODUCT = YES;
			};
			name = Release;
		};
		3FF384CE1E53567700DA9EE9 /* Debug */ = {
			isa = XCBuildConfiguration;
			baseConfigurationReference = 963B7D4CB314FF41EBFE06B2 /* Pods-SnakeGame.debug.xcconfig */;
			buildSettings = {
				ASSETCATALOG_COMPILER_APPICON_NAME = AppIcon;
				ASSETCATALOG_COMPILER_LAUNCHIMAGE_NAME = LaunchImage;
				CODE_SIGN_IDENTITY = "iPhone Developer";
				CODE_SIGN_STYLE = Automatic;
				DEVELOPMENT_TEAM = "";
				INFOPLIST_FILE = SnakeGame/Info.plist;
				IPHONEOS_DEPLOYMENT_TARGET = 10.0;
				LD_RUNPATH_SEARCH_PATHS = "$(inherited) @executable_path/Frameworks";
				PRODUCT_BUNDLE_IDENTIFIER = com.healmax.SnakeGame;
				PRODUCT_NAME = "$(TARGET_NAME)";
				PROVISIONING_PROFILE = "";
				PROVISIONING_PROFILE_SPECIFIER = "";
				TARGETED_DEVICE_FAMILY = 1;
			};
			name = Debug;
		};
		3FF384CF1E53567700DA9EE9 /* Release */ = {
			isa = XCBuildConfiguration;
			baseConfigurationReference = 14C309F513D59930281FB2FC /* Pods-SnakeGame.release.xcconfig */;
			buildSettings = {
				ASSETCATALOG_COMPILER_APPICON_NAME = AppIcon;
				ASSETCATALOG_COMPILER_LAUNCHIMAGE_NAME = LaunchImage;
				CODE_SIGN_IDENTITY = "iPhone Developer";
				CODE_SIGN_STYLE = Automatic;
				DEVELOPMENT_TEAM = "";
				INFOPLIST_FILE = SnakeGame/Info.plist;
				IPHONEOS_DEPLOYMENT_TARGET = 10.0;
				LD_RUNPATH_SEARCH_PATHS = "$(inherited) @executable_path/Frameworks";
				PRODUCT_BUNDLE_IDENTIFIER = com.healmax.SnakeGame;
				PRODUCT_NAME = "$(TARGET_NAME)";
				PROVISIONING_PROFILE = "";
				PROVISIONING_PROFILE_SPECIFIER = "";
				TARGETED_DEVICE_FAMILY = 1;
			};
			name = Release;
		};
		3FF384D11E53567700DA9EE9 /* Debug */ = {
			isa = XCBuildConfiguration;
			baseConfigurationReference = 54071BBE53193A24F3359921 /* Pods-SnakeGameTests.debug.xcconfig */;
			buildSettings = {
				BUNDLE_LOADER = "$(TEST_HOST)";
				INFOPLIST_FILE = SnakeGameTests/Info.plist;
				LD_RUNPATH_SEARCH_PATHS = "$(inherited) @executable_path/Frameworks @loader_path/Frameworks";
				PRODUCT_BUNDLE_IDENTIFIER = qnap.SnakeGameTests;
				PRODUCT_NAME = "$(TARGET_NAME)";
				TEST_HOST = "$(BUILT_PRODUCTS_DIR)/SnakeGame.app/SnakeGame";
			};
			name = Debug;
		};
		3FF384D21E53567700DA9EE9 /* Release */ = {
			isa = XCBuildConfiguration;
			baseConfigurationReference = E90ABF6B9E712A9674B1E00B /* Pods-SnakeGameTests.release.xcconfig */;
			buildSettings = {
				BUNDLE_LOADER = "$(TEST_HOST)";
				INFOPLIST_FILE = SnakeGameTests/Info.plist;
				LD_RUNPATH_SEARCH_PATHS = "$(inherited) @executable_path/Frameworks @loader_path/Frameworks";
				PRODUCT_BUNDLE_IDENTIFIER = qnap.SnakeGameTests;
				PRODUCT_NAME = "$(TARGET_NAME)";
				TEST_HOST = "$(BUILT_PRODUCTS_DIR)/SnakeGame.app/SnakeGame";
			};
			name = Release;
		};
		3FF384D41E53567700DA9EE9 /* Debug */ = {
			isa = XCBuildConfiguration;
			buildSettings = {
				INFOPLIST_FILE = SnakeGameUITests/Info.plist;
				LD_RUNPATH_SEARCH_PATHS = "$(inherited) @executable_path/Frameworks @loader_path/Frameworks";
				PRODUCT_BUNDLE_IDENTIFIER = qnap.SnakeGameUITests;
				PRODUCT_NAME = "$(TARGET_NAME)";
				TEST_TARGET_NAME = SnakeGame;
			};
			name = Debug;
		};
		3FF384D51E53567700DA9EE9 /* Release */ = {
			isa = XCBuildConfiguration;
			buildSettings = {
				INFOPLIST_FILE = SnakeGameUITests/Info.plist;
				LD_RUNPATH_SEARCH_PATHS = "$(inherited) @executable_path/Frameworks @loader_path/Frameworks";
				PRODUCT_BUNDLE_IDENTIFIER = qnap.SnakeGameUITests;
				PRODUCT_NAME = "$(TARGET_NAME)";
				TEST_TARGET_NAME = SnakeGame;
			};
			name = Release;
		};
/* End XCBuildConfiguration section */

/* Begin XCConfigurationList section */
		3FF3849B1E53567700DA9EE9 /* Build configuration list for PBXProject "SnakeGame" */ = {
			isa = XCConfigurationList;
			buildConfigurations = (
				3FF384CB1E53567700DA9EE9 /* Debug */,
				3FF384CC1E53567700DA9EE9 /* Release */,
			);
			defaultConfigurationIsVisible = 0;
			defaultConfigurationName = Release;
		};
		3FF384CD1E53567700DA9EE9 /* Build configuration list for PBXNativeTarget "SnakeGame" */ = {
			isa = XCConfigurationList;
			buildConfigurations = (
				3FF384CE1E53567700DA9EE9 /* Debug */,
				3FF384CF1E53567700DA9EE9 /* Release */,
			);
			defaultConfigurationIsVisible = 0;
			defaultConfigurationName = Release;
		};
		3FF384D01E53567700DA9EE9 /* Build configuration list for PBXNativeTarget "SnakeGameTests" */ = {
			isa = XCConfigurationList;
			buildConfigurations = (
				3FF384D11E53567700DA9EE9 /* Debug */,
				3FF384D21E53567700DA9EE9 /* Release */,
			);
			defaultConfigurationIsVisible = 0;
			defaultConfigurationName = Release;
		};
		3FF384D31E53567700DA9EE9 /* Build configuration list for PBXNativeTarget "SnakeGameUITests" */ = {
			isa = XCConfigurationList;
			buildConfigurations = (
				3FF384D41E53567700DA9EE9 /* Debug */,
				3FF384D51E53567700DA9EE9 /* Release */,
			);
			defaultConfigurationIsVisible = 0;
			defaultConfigurationName = Release;
		};
/* End XCConfigurationList section */
	};
	rootObject = 3FF384981E53567700DA9EE9 /* Project object */;
}
